
Microsoft Visual Studio Solution File, Format Version 12.00
Project("{FAE04EC0-301F-11D3-BF4B-00C04F79EFBC}") = "D1-1", "D1\D1-1\D1-1.csproj", "{E5EEEA81-3E4B-4561-A34A-3A1D2672283A}"
EndProject
Project("{FAE04EC0-301F-11D3-BF4B-00C04F79EFBC}") = "D1-2", "D1\D1-2\D1-2.csproj", "{801CD8F2-7F62-4636-B6C9-55B7505011F1}"
EndProject
Project("{FAE04EC0-301F-11D3-BF4B-00C04F79EFBC}") = "D2-1", "D2\D2-1\D2-1.csproj", "{906F9F2E-C100-40EE-8343-1059358D8F1D}"
EndProject
Project("{FAE04EC0-301F-11D3-BF4B-00C04F79EFBC}") = "D2-2", "D2\D2-2\D2-2.csproj", "{7F33FB54-8C63-4344-914C-84925C222232}"
EndProject
Project("{FAE04EC0-301F-11D3-BF4B-00C04F79EFBC}") = "D3-1", "D3\D3-1\D3-1.csproj", "{F07E13FC-383D-4ACF-9E06-6016B1ED3266}"
EndProject
Project("{FAE04EC0-301F-11D3-BF4B-00C04F79EFBC}") = "D3-2", "D3\D3-2\D3-2.csproj", "{7F8A704A-4E0E-4B1B-9605-905C1B440B10}"
EndProject
Global
	GlobalSection(SolutionConfigurationPlatforms) = preSolution
		Debug|Any CPU = Debug|Any CPU
		Release|Any CPU = Release|Any CPU
	EndGlobalSection
	GlobalSection(ProjectConfigurationPlatforms) = postSolution
		{E5EEEA81-3E4B-4561-A34A-3A1D2672283A}.Debug|Any CPU.ActiveCfg = Debug|Any CPU
		{E5EEEA81-3E4B-4561-A34A-3A1D2672283A}.Debug|Any CPU.Build.0 = Debug|Any CPU
		{E5EEEA81-3E4B-4561-A34A-3A1D2672283A}.Release|Any CPU.ActiveCfg = Release|Any CPU
		{E5EEEA81-3E4B-4561-A34A-3A1D2672283A}.Release|Any CPU.Build.0 = Release|Any CPU
		{801CD8F2-7F62-4636-B6C9-55B7505011F1}.Debug|Any CPU.ActiveCfg = Debug|Any CPU
		{801CD8F2-7F62-4636-B6C9-55B7505011F1}.Debug|Any CPU.Build.0 = Debug|Any CPU
		{801CD8F2-7F62-4636-B6C9-55B7505011F1}.Release|Any CPU.ActiveCfg = Release|Any CPU
		{801CD8F2-7F62-4636-B6C9-55B7505011F1}.Release|Any CPU.Build.0 = Release|Any CPU
		{906F9F2E-C100-40EE-8343-1059358D8F1D}.Debug|Any CPU.ActiveCfg = Debug|Any CPU
		{906F9F2E-C100-40EE-8343-1059358D8F1D}.Debug|Any CPU.Build.0 = Debug|Any CPU
		{906F9F2E-C100-40EE-8343-1059358D8F1D}.Release|Any CPU.ActiveCfg = Release|Any CPU
		{906F9F2E-C100-40EE-8343-1059358D8F1D}.Release|Any CPU.Build.0 = Release|Any CPU
		{7F33FB54-8C63-4344-914C-84925C222232}.Debug|Any CPU.ActiveCfg = Debug|Any CPU
		{7F33FB54-8C63-4344-914C-84925C222232}.Debug|Any CPU.Build.0 = Debug|Any CPU
		{7F33FB54-8C63-4344-914C-84925C222232}.Release|Any CPU.ActiveCfg = Release|Any CPU
		{7F33FB54-8C63-4344-914C-84925C222232}.Release|Any CPU.Build.0 = Release|Any CPU
		{F07E13FC-383D-4ACF-9E06-6016B1ED3266}.Debug|Any CPU.ActiveCfg = Debug|Any CPU
		{F07E13FC-383D-4ACF-9E06-6016B1ED3266}.Debug|Any CPU.Build.0 = Debug|Any CPU
		{F07E13FC-383D-4ACF-9E06-6016B1ED3266}.Release|Any CPU.ActiveCfg = Release|Any CPU
		{F07E13FC-383D-4ACF-9E06-6016B1ED3266}.Release|Any CPU.Build.0 = Release|Any CPU
		{7F8A704A-4E0E-4B1B-9605-905C1B440B10}.Debug|Any CPU.ActiveCfg = Debug|Any CPU
		{7F8A704A-4E0E-4B1B-9605-905C1B440B10}.Debug|Any CPU.Build.0 = Debug|Any CPU
		{7F8A704A-4E0E-4B1B-9605-905C1B440B10}.Release|Any CPU.ActiveCfg = Release|Any CPU
		{7F8A704A-4E0E-4B1B-9605-905C1B440B10}.Release|Any CPU.Build.0 = Release|Any CPU
	EndGlobalSection
EndGlobal
